
Microsoft Visual Studio Solution File, Format Version 12.00
# Visual Studio Version 16
VisualStudioVersion = 16.0.31129.286
MinimumVisualStudioVersion = 10.0.40219.1
Project("{FAE04EC0-301F-11D3-BF4B-00C04F79EFBC}") = "ImageViewer", "ImageViewer\ImageViewer.csproj", "{9A688AFF-CB3C-4683-B12A-6CAA70CE1331}"
EndProject
Global
	GlobalSection(SolutionConfigurationPlatforms) = preSolution
		Debug|Any CPU = Debug|Any CPU
		Release|Any CPU = Release|Any CPU
	EndGlobalSection
	GlobalSection(ProjectConfigurationPlatforms) = postSolution
		{9A688AFF-CB3C-4683-B12A-6CAA70CE1331}.Debug|Any CPU.ActiveCfg = Debug|Any CPU
		{9A688AFF-CB3C-4683-B12A-6CAA70CE1331}.Debug|Any CPU.Build.0 = Debug|Any CPU
		{9A688AFF-CB3C-4683-B12A-6CAA70CE1331}.Release|Any CPU.ActiveCfg = Release|Any CPU
		{9A688AFF-CB3C-4683-B12A-6CAA70CE1331}.Release|Any CPU.Build.0 = Release|Any CPU
	EndGlobalSection
	GlobalSection(SolutionProperties) = preSolution
		HideSolutionNode = FALSE
	EndGlobalSection
	GlobalSection(ExtensibilityGlobals) = postSolution
		SolutionGuid = {86AAFDB7-2C92-40E4-B54C-326D2419714F}
	EndGlobalSection
EndGlobal
